
Microsoft Visual Studio Solution File, Format Version 12.00
# Visual Studio 14
VisualStudioVersion = 14.0.25123.0
MinimumVisualStudioVersion = 10.0.40219.1
Project("{FAE04EC0-301F-11D3-BF4B-00C04F79EFBC}") = "MyExpenses", "MyExpenses\MyExpenses.csproj", "{27D23082-DE6A-4241-975B-AD3A274CB27C}"
EndProject
Project("{FAE04EC0-301F-11D3-BF4B-00C04F79EFBC}") = "MyExpenses.iOS", "iOS\MyExpenses.iOS.csproj", "{701B13FB-92F5-42E8-87C3-231EEBBE0D22}"
EndProject
Project("{FAE04EC0-301F-11D3-BF4B-00C04F79EFBC}") = "MyExpenses.Droid", "Droid\MyExpenses.Droid.csproj", "{A2C37E7B-1CA4-4B1C-AFA8-7BBB41714129}"
EndProject
Project("{FAE04EC0-301F-11D3-BF4B-00C04F79EFBC}") = "MyExpenses.UITests", "UITests\MyExpenses.UITests.csproj", "{AB7A7DD8-F2A7-4E43-8891-C4BD564BB8CD}"
EndProject
Project("{2150E333-8FDC-42A3-9474-1A3956D46DE8}") = "ReusableLoginPage", "ReusableLoginPage", "{49AAD253-2D5B-47C6-AB8E-5BC959A0336F}"
EndProject
Project("{FAE04EC0-301F-11D3-BF4B-00C04F79EFBC}") = "MyLoginUI.Droid", "MyLoginUI\Droid\MyLoginUI.Droid.csproj", "{76C86216-1BAD-4CAD-BF57-E7B970E67C78}"
EndProject
Project("{FAE04EC0-301F-11D3-BF4B-00C04F79EFBC}") = "MyLoginUI.iOS", "MyLoginUI\iOS\MyLoginUI.iOS.csproj", "{D4EAC19B-570E-416A-95E7-32E449F04EDF}"
EndProject
Project("{FAE04EC0-301F-11D3-BF4B-00C04F79EFBC}") = "MyLoginUI", "MyLoginUI\MyLoginUI\MyLoginUI.csproj", "{6E1B18A4-C150-4627-96FF-741A8AE36F58}"
EndProject
Global
	GlobalSection(SolutionConfigurationPlatforms) = preSolution
		Debug|Any CPU = Debug|Any CPU
		Debug|iPhone = Debug|iPhone
		Debug|iPhoneSimulator = Debug|iPhoneSimulator
		Release|Any CPU = Release|Any CPU
		Release|iPhone = Release|iPhone
		Release|iPhoneSimulator = Release|iPhoneSimulator
	EndGlobalSection
	GlobalSection(ProjectConfigurationPlatforms) = postSolution
		{27D23082-DE6A-4241-975B-AD3A274CB27C}.Debug|Any CPU.ActiveCfg = Debug|Any CPU
		{27D23082-DE6A-4241-975B-AD3A274CB27C}.Debug|Any CPU.Build.0 = Debug|Any CPU
		{27D23082-DE6A-4241-975B-AD3A274CB27C}.Debug|iPhone.ActiveCfg = Debug|Any CPU
		{27D23082-DE6A-4241-975B-AD3A274CB27C}.Debug|iPhone.Build.0 = Debug|Any CPU
		{27D23082-DE6A-4241-975B-AD3A274CB27C}.Debug|iPhoneSimulator.ActiveCfg = Debug|Any CPU
		{27D23082-DE6A-4241-975B-AD3A274CB27C}.Debug|iPhoneSimulator.Build.0 = Debug|Any CPU
		{27D23082-DE6A-4241-975B-AD3A274CB27C}.Release|Any CPU.ActiveCfg = Release|Any CPU
		{27D23082-DE6A-4241-975B-AD3A274CB27C}.Release|Any CPU.Build.0 = Release|Any CPU
		{27D23082-DE6A-4241-975B-AD3A274CB27C}.Release|iPhone.ActiveCfg = Release|Any CPU
		{27D23082-DE6A-4241-975B-AD3A274CB27C}.Release|iPhone.Build.0 = Release|Any CPU
		{27D23082-DE6A-4241-975B-AD3A274CB27C}.Release|iPhoneSimulator.ActiveCfg = Release|Any CPU
		{27D23082-DE6A-4241-975B-AD3A274CB27C}.Release|iPhoneSimulator.Build.0 = Release|Any CPU
		{701B13FB-92F5-42E8-87C3-231EEBBE0D22}.Debug|Any CPU.ActiveCfg = Debug|iPhoneSimulator
		{701B13FB-92F5-42E8-87C3-231EEBBE0D22}.Debug|Any CPU.Build.0 = Debug|iPhoneSimulator
		{701B13FB-92F5-42E8-87C3-231EEBBE0D22}.Debug|iPhone.ActiveCfg = Debug|iPhone
		{701B13FB-92F5-42E8-87C3-231EEBBE0D22}.Debug|iPhone.Build.0 = Debug|iPhone
		{701B13FB-92F5-42E8-87C3-231EEBBE0D22}.Debug|iPhoneSimulator.ActiveCfg = Debug|iPhoneSimulator
		{701B13FB-92F5-42E8-87C3-231EEBBE0D22}.Debug|iPhoneSimulator.Build.0 = Debug|iPhoneSimulator
		{701B13FB-92F5-42E8-87C3-231EEBBE0D22}.Release|Any CPU.ActiveCfg = Release|iPhone
		{701B13FB-92F5-42E8-87C3-231EEBBE0D22}.Release|Any CPU.Build.0 = Release|iPhone
		{701B13FB-92F5-42E8-87C3-231EEBBE0D22}.Release|iPhone.ActiveCfg = Release|iPhone
		{701B13FB-92F5-42E8-87C3-231EEBBE0D22}.Release|iPhone.Build.0 = Release|iPhone
		{701B13FB-92F5-42E8-87C3-231EEBBE0D22}.Release|iPhoneSimulator.ActiveCfg = Release|iPhoneSimulator
		{701B13FB-92F5-42E8-87C3-231EEBBE0D22}.Release|iPhoneSimulator.Build.0 = Release|iPhoneSimulator
		{A2C37E7B-1CA4-4B1C-AFA8-7BBB41714129}.Debug|Any CPU.ActiveCfg = Debug|Any CPU
		{A2C37E7B-1CA4-4B1C-AFA8-7BBB41714129}.Debug|Any CPU.Build.0 = Debug|Any CPU
		{A2C37E7B-1CA4-4B1C-AFA8-7BBB41714129}.Debug|iPhone.ActiveCfg = Debug|Any CPU
		{A2C37E7B-1CA4-4B1C-AFA8-7BBB41714129}.Debug|iPhone.Build.0 = Debug|Any CPU
		{A2C37E7B-1CA4-4B1C-AFA8-7BBB41714129}.Debug|iPhoneSimulator.ActiveCfg = Debug|Any CPU
		{A2C37E7B-1CA4-4B1C-AFA8-7BBB41714129}.Debug|iPhoneSimulator.Build.0 = Debug|Any CPU
		{A2C37E7B-1CA4-4B1C-AFA8-7BBB41714129}.Release|Any CPU.ActiveCfg = Release|Any CPU
		{A2C37E7B-1CA4-4B1C-AFA8-7BBB41714129}.Release|Any CPU.Build.0 = Release|Any CPU
		{A2C37E7B-1CA4-4B1C-AFA8-7BBB41714129}.Release|iPhone.ActiveCfg = Release|Any CPU
		{A2C37E7B-1CA4-4B1C-AFA8-7BBB41714129}.Release|iPhone.Build.0 = Release|Any CPU
		{A2C37E7B-1CA4-4B1C-AFA8-7BBB41714129}.Release|iPhoneSimulator.ActiveCfg = Release|Any CPU
		{A2C37E7B-1CA4-4B1C-AFA8-7BBB41714129}.Release|iPhoneSimulator.Build.0 = Release|Any CPU
		{AB7A7DD8-F2A7-4E43-8891-C4BD564BB8CD}.Debug|Any CPU.ActiveCfg = Debug|Any CPU
		{AB7A7DD8-F2A7-4E43-8891-C4BD564BB8CD}.Debug|Any CPU.Build.0 = Debug|Any CPU
		{AB7A7DD8-F2A7-4E43-8891-C4BD564BB8CD}.Debug|iPhone.ActiveCfg = Debug|Any CPU
		{AB7A7DD8-F2A7-4E43-8891-C4BD564BB8CD}.Debug|iPhone.Build.0 = Debug|Any CPU
		{AB7A7DD8-F2A7-4E43-8891-C4BD564BB8CD}.Debug|iPhoneSimulator.ActiveCfg = Debug|Any CPU
		{AB7A7DD8-F2A7-4E43-8891-C4BD564BB8CD}.Debug|iPhoneSimulator.Build.0 = Debug|Any CPU
		{AB7A7DD8-F2A7-4E43-8891-C4BD564BB8CD}.Release|Any CPU.ActiveCfg = Release|Any CPU
		{AB7A7DD8-F2A7-4E43-8891-C4BD564BB8CD}.Release|Any CPU.Build.0 = Release|Any CPU
		{AB7A7DD8-F2A7-4E43-8891-C4BD564BB8CD}.Release|iPhone.ActiveCfg = Release|Any CPU
		{AB7A7DD8-F2A7-4E43-8891-C4BD564BB8CD}.Release|iPhone.Build.0 = Release|Any CPU
		{AB7A7DD8-F2A7-4E43-8891-C4BD564BB8CD}.Release|iPhoneSimulator.ActiveCfg = Release|Any CPU
		{AB7A7DD8-F2A7-4E43-8891-C4BD564BB8CD}.Release|iPhoneSimulator.Build.0 = Release|Any CPU
		{76C86216-1BAD-4CAD-BF57-E7B970E67C78}.Debug|Any CPU.ActiveCfg = Debug|Any CPU
		{76C86216-1BAD-4CAD-BF57-E7B970E67C78}.Debug|Any CPU.Build.0 = Debug|Any CPU
		{76C86216-1BAD-4CAD-BF57-E7B970E67C78}.Debug|Any CPU.Deploy.0 = Debug|Any CPU
		{76C86216-1BAD-4CAD-BF57-E7B970E67C78}.Debug|iPhone.ActiveCfg = Debug|Any CPU
		{76C86216-1BAD-4CAD-BF57-E7B970E67C78}.Debug|iPhone.Build.0 = Debug|Any CPU
		{76C86216-1BAD-4CAD-BF57-E7B970E67C78}.Debug|iPhoneSimulator.ActiveCfg = Debug|Any CPU
		{76C86216-1BAD-4CAD-BF57-E7B970E67C78}.Debug|iPhoneSimulator.Build.0 = Debug|Any CPU
		{76C86216-1BAD-4CAD-BF57-E7B970E67C78}.Release|Any CPU.ActiveCfg = Release|Any CPU
		{76C86216-1BAD-4CAD-BF57-E7B970E67C78}.Release|Any CPU.Build.0 = Release|Any CPU
		{76C86216-1BAD-4CAD-BF57-E7B970E67C78}.Release|iPhone.ActiveCfg = Release|Any CPU
		{76C86216-1BAD-4CAD-BF57-E7B970E67C78}.Release|iPhone.Build.0 = Release|Any CPU
		{76C86216-1BAD-4CAD-BF57-E7B970E67C78}.Release|iPhoneSimulator.ActiveCfg = Release|Any CPU
		{76C86216-1BAD-4CAD-BF57-E7B970E67C78}.Release|iPhoneSimulator.Build.0 = Release|Any CPU
		{D4EAC19B-570E-416A-95E7-32E449F04EDF}.Debug|Any CPU.ActiveCfg = Debug|iPhoneSimulator
		{D4EAC19B-570E-416A-95E7-32E449F04EDF}.Debug|Any CPU.Build.0 = Debug|iPhoneSimulator
		{D4EAC19B-570E-416A-95E7-32E449F04EDF}.Debug|iPhone.ActiveCfg = Debug|iPhone
		{D4EAC19B-570E-416A-95E7-32E449F04EDF}.Debug|iPhone.Build.0 = Debug|iPhone
		{D4EAC19B-570E-416A-95E7-32E449F04EDF}.Debug|iPhoneSimulator.ActiveCfg = Debug|iPhoneSimulator
		{D4EAC19B-570E-416A-95E7-32E449F04EDF}.Debug|iPhoneSimulator.Build.0 = Debug|iPhoneSimulator
		{D4EAC19B-570E-416A-95E7-32E449F04EDF}.Release|Any CPU.ActiveCfg = Release|iPhone
		{D4EAC19B-570E-416A-95E7-32E449F04EDF}.Release|Any CPU.Build.0 = Release|iPhone
		{D4EAC19B-570E-416A-95E7-32E449F04EDF}.Release|iPhone.ActiveCfg = Release|iPhone
		{D4EAC19B-570E-416A-95E7-32E449F04EDF}.Release|iPhone.Build.0 = Release|iPhone
		{D4EAC19B-570E-416A-95E7-32E449F04EDF}.Release|iPhoneSimulator.ActiveCfg = Release|iPhoneSimulator
		{D4EAC19B-570E-416A-95E7-32E449F04EDF}.Release|iPhoneSimulator.Build.0 = Release|iPhoneSimulator
		{6E1B18A4-C150-4627-96FF-741A8AE36F58}.Debug|Any CPU.ActiveCfg = Debug|Any CPU
		{6E1B18A4-C150-4627-96FF-741A8AE36F58}.Debug|Any CPU.Build.0 = Debug|Any CPU
		{6E1B18A4-C150-4627-96FF-741A8AE36F58}.Debug|iPhone.ActiveCfg = Debug|Any CPU
		{6E1B18A4-C150-4627-96FF-741A8AE36F58}.Debug|iPhone.Build.0 = Debug|Any CPU
		{6E1B18A4-C150-4627-96FF-741A8AE36F58}.Debug|iPhoneSimulator.ActiveCfg = Debug|Any CPU
		{6E1B18A4-C150-4627-96FF-741A8AE36F58}.Debug|iPhoneSimulator.Build.0 = Debug|Any CPU
		{6E1B18A4-C150-4627-96FF-741A8AE36F58}.Release|Any CPU.ActiveCfg = Release|Any CPU
		{6E1B18A4-C150-4627-96FF-741A8AE36F58}.Release|Any CPU.Build.0 = Release|Any CPU
		{6E1B18A4-C150-4627-96FF-741A8AE36F58}.Release|iPhone.ActiveCfg = Release|Any CPU
		{6E1B18A4-C150-4627-96FF-741A8AE36F58}.Release|iPhone.Build.0 = Release|Any CPU
		{6E1B18A4-C150-4627-96FF-741A8AE36F58}.Release|iPhoneSimulator.ActiveCfg = Release|Any CPU
		{6E1B18A4-C150-4627-96FF-741A8AE36F58}.Release|iPhoneSimulator.Build.0 = Release|Any CPU
	EndGlobalSection
	GlobalSection(SolutionProperties) = preSolution
		HideSolutionNode = FALSE
	EndGlobalSection
	GlobalSection(NestedProjects) = preSolution
		{76C86216-1BAD-4CAD-BF57-E7B970E67C78} = {49AAD253-2D5B-47C6-AB8E-5BC959A0336F}
		{D4EAC19B-570E-416A-95E7-32E449F04EDF} = {49AAD253-2D5B-47C6-AB8E-5BC959A0336F}
		{6E1B18A4-C150-4627-96FF-741A8AE36F58} = {49AAD253-2D5B-47C6-AB8E-5BC959A0336F}
	EndGlobalSection
EndGlobal
